// !$*UTF8*$!
{
	archiveVersion = 1;
	classes = {
	};
	objectVersion = 50;
	objects = {

/* Begin PBXBuildFile section */
		35ECDEF02103B1B700308080 /* AppDelegate.swift in Sources */ = {isa = PBXBuildFile; fileRef = 35ECDEEF2103B1B700308080 /* AppDelegate.swift */; };
		35ECDEF22103B1B700308080 /* ViewController.swift in Sources */ = {isa = PBXBuildFile; fileRef = 35ECDEF12103B1B700308080 /* ViewController.swift */; };
		35ECDEF52103B1B700308080 /* Main.storyboard in Resources */ = {isa = PBXBuildFile; fileRef = 35ECDEF32103B1B700308080 /* Main.storyboard */; };
		35ECDEF72103B1BA00308080 /* Assets.xcassets in Resources */ = {isa = PBXBuildFile; fileRef = 35ECDEF62103B1BA00308080 /* Assets.xcassets */; };
		35ECDEFA2103B1BA00308080 /* LaunchScreen.storyboard in Resources */ = {isa = PBXBuildFile; fileRef = 35ECDEF82103B1BA00308080 /* LaunchScreen.storyboard */; };
		35ECDF032103B1D600308080 /* Login.storyboard in Resources */ = {isa = PBXBuildFile; fileRef = 35ECDF022103B1D600308080 /* Login.storyboard */; };
		35ECDF052103B1E600308080 /* LoginViewController.swift in Sources */ = {isa = PBXBuildFile; fileRef = 35ECDF042103B1E600308080 /* LoginViewController.swift */; };
		35ECDF0921046EB600308080 /* CodeNum.storyboard in Resources */ = {isa = PBXBuildFile; fileRef = 35ECDF0821046EB600308080 /* CodeNum.storyboard */; };
		35ECDF0E210475A200308080 /* CodeNumViewController.swift in Sources */ = {isa = PBXBuildFile; fileRef = 35ECDF0D210475A200308080 /* CodeNumViewController.swift */; };
		35ECDF10210475D800308080 /* Home.storyboard in Resources */ = {isa = PBXBuildFile; fileRef = 35ECDF0F210475D800308080 /* Home.storyboard */; };
		35ECDF12210475E200308080 /* HomeViewController.swift in Sources */ = {isa = PBXBuildFile; fileRef = 35ECDF11210475E200308080 /* HomeViewController.swift */; };
		35ECDF15210476F200308080 /* HomeTableViewCell.swift in Sources */ = {isa = PBXBuildFile; fileRef = 35ECDF13210476F200308080 /* HomeTableViewCell.swift */; };
		35ECDF16210476F200308080 /* HomeTableViewCell.xib in Resources */ = {isa = PBXBuildFile; fileRef = 35ECDF14210476F200308080 /* HomeTableViewCell.xib */; };
/* End PBXBuildFile section */

/* Begin PBXFileReference section */
		35ECDEEC2103B1B700308080 /* Number.app */ = {isa = PBXFileReference; explicitFileType = wrapper.application; includeInIndex = 0; path = Number.app; sourceTree = BUILT_PRODUCTS_DIR; };
		35ECDEEF2103B1B700308080 /* AppDelegate.swift */ = {isa = PBXFileReference; lastKnownFileType = sourcecode.swift; path = AppDelegate.swift; sourceTree = "<group>"; };
		35ECDEF12103B1B700308080 /* ViewController.swift */ = {isa = PBXFileReference; lastKnownFileType = sourcecode.swift; path = ViewController.swift; sourceTree = "<group>"; };
		35ECDEF42103B1B700308080 /* Base */ = {isa = PBXFileReference; lastKnownFileType = file.storyboard; name = Base; path = Base.lproj/Main.storyboard; sourceTree = "<group>"; };
		35ECDEF62103B1BA00308080 /* Assets.xcassets */ = {isa = PBXFileReference; lastKnownFileType = folder.assetcatalog; path = Assets.xcassets; sourceTree = "<group>"; };
		35ECDEF92103B1BA00308080 /* Base */ = {isa = PBXFileReference; lastKnownFileType = file.storyboard; name = Base; path = Base.lproj/LaunchScreen.storyboard; sourceTree = "<group>"; };
		35ECDEFB2103B1BA00308080 /* Info.plist */ = {isa = PBXFileReference; lastKnownFileType = text.plist.xml; path = Info.plist; sourceTree = "<group>"; };
		35ECDF022103B1D600308080 /* Login.storyboard */ = {isa = PBXFileReference; lastKnownFileType = file.storyboard; name = Login.storyboard; path = ../../../Login.storyboard; sourceTree = "<group>"; };
		35ECDF042103B1E600308080 /* LoginViewController.swift */ = {isa = PBXFileReference; lastKnownFileType = sourcecode.swift; name = LoginViewController.swift; path = ../../../LoginViewController.swift; sourceTree = "<group>"; };
		35ECDF0821046EB600308080 /* CodeNum.storyboard */ = {isa = PBXFileReference; lastKnownFileType = file.storyboard; path = CodeNum.storyboard; sourceTree = "<group>"; };
		35ECDF0D210475A200308080 /* CodeNumViewController.swift */ = {isa = PBXFileReference; lastKnownFileType = sourcecode.swift; path = CodeNumViewController.swift; sourceTree = "<group>"; };
		35ECDF0F210475D800308080 /* Home.storyboard */ = {isa = PBXFileReference; lastKnownFileType = file.storyboard; name = Home.storyboard; path = "Number/New Group/Home.storyboard"; sourceTree = SOURCE_ROOT; };
		35ECDF11210475E200308080 /* HomeViewController.swift */ = {isa = PBXFileReference; lastKnownFileType = sourcecode.swift; name = HomeViewController.swift; path = "Number/New Group/HomeViewController.swift"; sourceTree = SOURCE_ROOT; };
		35ECDF13210476F200308080 /* HomeTableViewCell.swift */ = {isa = PBXFileReference; lastKnownFileType = sourcecode.swift; path = HomeTableViewCell.swift; sourceTree = "<group>"; };
		35ECDF14210476F200308080 /* HomeTableViewCell.xib */ = {isa = PBXFileReference; lastKnownFileType = file.xib; path = HomeTableViewCell.xib; sourceTree = "<group>"; };
/* End PBXFileReference section */

/* Begin PBXFrameworksBuildPhase section */
		35ECDEE92103B1B700308080 /* Frameworks */ = {
			isa = PBXFrameworksBuildPhase;
			buildActionMask = 2147483647;
			files = (
			);
			runOnlyForDeploymentPostprocessing = 0;
		};
/* End PBXFrameworksBuildPhase section */

/* Begin PBXGroup section */
		35ECDEE32103B1B600308080 = {
			isa = PBXGroup;
			children = (
				35ECDEEE2103B1B700308080 /* Number */,
				35ECDEED2103B1B700308080 /* Products */,
			);
			sourceTree = "<group>";
		};
		35ECDEED2103B1B700308080 /* Products */ = {
			isa = PBXGroup;
			children = (
				35ECDEEC2103B1B700308080 /* Number.app */,
			);
			name = Products;
			sourceTree = "<group>";
		};
		35ECDEEE2103B1B700308080 /* Number */ = {
			isa = PBXGroup;
			children = (
				35ECDF0C2104759400308080 /* Home */,
				35ECDF0721046E5F00308080 /* CodeNum */,
				35ECDF012103B1CB00308080 /* Login */,
				35ECDEEF2103B1B700308080 /* AppDelegate.swift */,
				35ECDEF12103B1B700308080 /* ViewController.swift */,
				35ECDEF32103B1B700308080 /* Main.storyboard */,
				35ECDEF62103B1BA00308080 /* Assets.xcassets */,
				35ECDEF82103B1BA00308080 /* LaunchScreen.storyboard */,
				35ECDEFB2103B1BA00308080 /* Info.plist */,
			);
			path = Number;
			sourceTree = "<group>";
		};
		35ECDF012103B1CB00308080 /* Login */ = {
			isa = PBXGroup;
			children = (
				35ECDF022103B1D600308080 /* Login.storyboard */,
				35ECDF042103B1E600308080 /* LoginViewController.swift */,
			);
			path = Login;
			sourceTree = "<group>";
		};
		35ECDF0721046E5F00308080 /* CodeNum */ = {
			isa = PBXGroup;
			children = (
				35ECDF0821046EB600308080 /* CodeNum.storyboard */,
				35ECDF0D210475A200308080 /* CodeNumViewController.swift */,
			);
			name = CodeNum;
			path = "New Group";
			sourceTree = "<group>";
		};
		35ECDF0C2104759400308080 /* Home */ = {
			isa = PBXGroup;
			children = (
				35ECDF0F210475D800308080 /* Home.storyboard */,
				35ECDF11210475E200308080 /* HomeViewController.swift */,
				35ECDF13210476F200308080 /* HomeTableViewCell.swift */,
				35ECDF14210476F200308080 /* HomeTableViewCell.xib */,
			);
			path = Home;
			sourceTree = "<group>";
		};
/* End PBXGroup section */

/* Begin PBXNativeTarget section */
		35ECDEEB2103B1B700308080 /* Number */ = {
			isa = PBXNativeTarget;
			buildConfigurationList = 35ECDEFE2103B1BA00308080 /* Build configuration list for PBXNativeTarget "Number" */;
			buildPhases = (
				35ECDEE82103B1B700308080 /* Sources */,
				35ECDEE92103B1B700308080 /* Frameworks */,
				35ECDEEA2103B1B700308080 /* Resources */,
			);
			buildRules = (
			);
			dependencies = (
			);
			name = Number;
			productName = Number;
			productReference = 35ECDEEC2103B1B700308080 /* Number.app */;
			productType = "com.apple.product-type.application";
		};
/* End PBXNativeTarget section */

/* Begin PBXProject section */
		35ECDEE42103B1B600308080 /* Project object */ = {
			isa = PBXProject;
			attributes = {
				LastSwiftUpdateCheck = 0930;
				LastUpgradeCheck = 0930;
				ORGANIZATIONNAME = nexters.number;
				TargetAttributes = {
					35ECDEEB2103B1B700308080 = {
						CreatedOnToolsVersion = 9.3.1;
					};
				};
			};
			buildConfigurationList = 35ECDEE72103B1B600308080 /* Build configuration list for PBXProject "Number" */;
			compatibilityVersion = "Xcode 9.3";
			developmentRegion = en;
			hasScannedForEncodings = 0;
			knownRegions = (
				en,
				Base,
			);
			mainGroup = 35ECDEE32103B1B600308080;
			productRefGroup = 35ECDEED2103B1B700308080 /* Products */;
			projectDirPath = "";
			projectRoot = "";
			targets = (
				35ECDEEB2103B1B700308080 /* Number */,
			);
		};
/* End PBXProject section */

/* Begin PBXResourcesBuildPhase section */
		35ECDEEA2103B1B700308080 /* Resources */ = {
			isa = PBXResourcesBuildPhase;
			buildActionMask = 2147483647;
			files = (
				35ECDF032103B1D600308080 /* Login.storyboard in Resources */,
				35ECDF16210476F200308080 /* HomeTableViewCell.xib in Resources */,
				35ECDEFA2103B1BA00308080 /* LaunchScreen.storyboard in Resources */,
				35ECDEF72103B1BA00308080 /* Assets.xcassets in Resources */,
				35ECDF10210475D800308080 /* Home.storyboard in Resources */,
				35ECDEF52103B1B700308080 /* Main.storyboard in Resources */,
				35ECDF0921046EB600308080 /* CodeNum.storyboard in Resources */,
			);
			runOnlyForDeploymentPostprocessing = 0;
		};
/* End PBXResourcesBuildPhase section */

/* Begin PBXSourcesBuildPhase section */
		35ECDEE82103B1B700308080 /* Sources */ = {
			isa = PBXSourcesBuildPhase;
			buildActionMask = 2147483647;
			files = (
				35ECDF15210476F200308080 /* HomeTableViewCell.swift in Sources */,
				35ECDF12210475E200308080 /* HomeViewController.swift in Sources */,
				35ECDF0E210475A200308080 /* CodeNumViewController.swift in Sources */,
				35ECDF052103B1E600308080 /* LoginViewController.swift in Sources */,
				35ECDEF22103B1B700308080 /* ViewController.swift in Sources */,
				35ECDEF02103B1B700308080 /* AppDelegate.swift in Sources */,
			);
			runOnlyForDeploymentPostprocessing = 0;
		};
/* End PBXSourcesBuildPhase section */

/* Begin PBXVariantGroup section */
		35ECDEF32103B1B700308080 /* Main.storyboard */ = {
			isa = PBXVariantGroup;
			children = (
				35ECDEF42103B1B700308080 /* Base */,
			);
			name = Main.storyboard;
			sourceTree = "<group>";
		};
		35ECDEF82103B1BA00308080 /* LaunchScreen.storyboard */ = {
			isa = PBXVariantGroup;
			children = (
				35ECDEF92103B1BA00308080 /* Base */,
			);
			name = LaunchScreen.storyboard;
			sourceTree = "<group>";
		};
/* End PBXVariantGroup section */

/* Begin XCBuildConfiguration section */
		35ECDEFC2103B1BA00308080 /* Debug */ = {
			isa = XCBuildConfiguration;
			buildSettings = {
				ALWAYS_SEARCH_USER_PATHS = NO;
				CLANG_ANALYZER_NONNULL = YES;
				CLANG_ANALYZER_NUMBER_OBJECT_CONVERSION = YES_AGGRESSIVE;
				CLANG_CXX_LANGUAGE_STANDARD = "gnu++14";
				CLANG_CXX_LIBRARY = "libc++";
				CLANG_ENABLE_MODULES = YES;
				CLANG_ENABLE_OBJC_ARC = YES;
				CLANG_ENABLE_OBJC_WEAK = YES;
				CLANG_WARN_BLOCK_CAPTURE_AUTORELEASING = YES;
				CLANG_WARN_BOOL_CONVERSION = YES;
				CLANG_WARN_COMMA = YES;
				CLANG_WARN_CONSTANT_CONVERSION = YES;
				CLANG_WARN_DEPRECATED_OBJC_IMPLEMENTATIONS = YES;
				CLANG_WARN_DIRECT_OBJC_ISA_USAGE = YES_ERROR;
				CLANG_WARN_DOCUMENTATION_COMMENTS = YES;
				CLANG_WARN_EMPTY_BODY = YES;
				CLANG_WARN_ENUM_CONVERSION = YES;
				CLANG_WARN_INFINITE_RECURSION = YES;
				CLANG_WARN_INT_CONVERSION = YES;
				CLANG_WARN_NON_LITERAL_NULL_CONVERSION = YES;
				CLANG_WARN_OBJC_IMPLICIT_RETAIN_SELF = YES;
				CLANG_WARN_OBJC_LITERAL_CONVERSION = YES;
				CLANG_WARN_OBJC_ROOT_CLASS = YES_ERROR;
				CLANG_WARN_RANGE_LOOP_ANALYSIS = YES;
				CLANG_WARN_STRICT_PROTOTYPES = YES;
				CLANG_WARN_SUSPICIOUS_MOVE = YES;
				CLANG_WARN_UNGUARDED_AVAILABILITY = YES_AGGRESSIVE;
				CLANG_WARN_UNREACHABLE_CODE = YES;
				CLANG_WARN__DUPLICATE_METHOD_MATCH = YES;
				CODE_SIGN_IDENTITY = "iPhone Developer";
				COPY_PHASE_STRIP = NO;
				DEBUG_INFORMATION_FORMAT = dwarf;
				ENABLE_STRICT_OBJC_MSGSEND = YES;
				ENABLE_TESTABILITY = YES;
				GCC_C_LANGUAGE_STANDARD = gnu11;
				GCC_DYNAMIC_NO_PIC = NO;
				GCC_NO_COMMON_BLOCKS = YES;
				GCC_OPTIMIZATION_LEVEL = 0;
				GCC_PREPROCESSOR_DEFINITIONS = (
					"DEBUG=1",
					"$(inherited)",
				);
				GCC_WARN_64_TO_32_BIT_CONVERSION = YES;
				GCC_WARN_ABOUT_RETURN_TYPE = YES_ERROR;
				GCC_WARN_UNDECLARED_SELECTOR = YES;
				GCC_WARN_UNINITIALIZED_AUTOS = YES_AGGRESSIVE;
				GCC_WARN_UNUSED_FUNCTION = YES;
				GCC_WARN_UNUSED_VARIABLE = YES;
				IPHONEOS_DEPLOYMENT_TARGET = 11.3;
				MTL_ENABLE_DEBUG_INFO = YES;
				ONLY_ACTIVE_ARCH = YES;
				SDKROOT = iphoneos;
				SWIFT_ACTIVE_COMPILATION_CONDITIONS = DEBUG;
				SWIFT_OPTIMIZATION_LEVEL = "-Onone";
			};
			name = Debug;
		};
		35ECDEFD2103B1BA00308080 /* Release */ = {
			isa = XCBuildConfiguration;
			buildSettings = {
				ALWAYS_SEARCH_USER_PATHS = NO;
				CLANG_ANALYZER_NONNULL = YES;
				CLANG_ANALYZER_NUMBER_OBJECT_CONVERSION = YES_AGGRESSIVE;
				CLANG_CXX_LANGUAGE_STANDARD = "gnu++14";
				CLANG_CXX_LIBRARY = "libc++";
				CLANG_ENABLE_MODULES = YES;
				CLANG_ENABLE_OBJC_ARC = YES;
				CLANG_ENABLE_OBJC_WEAK = YES;
				CLANG_WARN_BLOCK_CAPTURE_AUTORELEASING = YES;
				CLANG_WARN_BOOL_CONVERSION = YES;
				CLANG_WARN_COMMA = YES;
				CLANG_WARN_CONSTANT_CONVERSION = YES;
				CLANG_WARN_DEPRECATED_OBJC_IMPLEMENTATIONS = YES;
				CLANG_WARN_DIRECT_OBJC_ISA_USAGE = YES_ERROR;
				CLANG_WARN_DOCUMENTATION_COMMENTS = YES;
				CLANG_WARN_EMPTY_BODY = YES;
				CLANG_WARN_ENUM_CONVERSION = YES;
				CLANG_WARN_INFINITE_RECURSION = YES;
				CLANG_WARN_INT_CONVERSION = YES;
				CLANG_WARN_NON_LITERAL_NULL_CONVERSION = YES;
				CLANG_WARN_OBJC_IMPLICIT_RETAIN_SELF = YES;
				CLANG_WARN_OBJC_LITERAL_CONVERSION = YES;
				CLANG_WARN_OBJC_ROOT_CLASS = YES_ERROR;
				CLANG_WARN_RANGE_LOOP_ANALYSIS = YES;
				CLANG_WARN_STRICT_PROTOTYPES = YES;
				CLANG_WARN_SUSPICIOUS_MOVE = YES;
				CLANG_WARN_UNGUARDED_AVAILABILITY = YES_AGGRESSIVE;
				CLANG_WARN_UNREACHABLE_CODE = YES;
				CLANG_WARN__DUPLICATE_METHOD_MATCH = YES;
				CODE_SIGN_IDENTITY = "iPhone Developer";
				COPY_PHASE_STRIP = NO;
				DEBUG_INFORMATION_FORMAT = "dwarf-with-dsym";
				ENABLE_NS_ASSERTIONS = NO;
				ENABLE_STRICT_OBJC_MSGSEND = YES;
				GCC_C_LANGUAGE_STANDARD = gnu11;
				GCC_NO_COMMON_BLOCKS = YES;
				GCC_WARN_64_TO_32_BIT_CONVERSION = YES;
				GCC_WARN_ABOUT_RETURN_TYPE = YES_ERROR;
				GCC_WARN_UNDECLARED_SELECTOR = YES;
				GCC_WARN_UNINITIALIZED_AUTOS = YES_AGGRESSIVE;
				GCC_WARN_UNUSED_FUNCTION = YES;
				GCC_WARN_UNUSED_VARIABLE = YES;
				IPHONEOS_DEPLOYMENT_TARGET = 11.3;
				MTL_ENABLE_DEBUG_INFO = NO;
				SDKROOT = iphoneos;
				SWIFT_COMPILATION_MODE = wholemodule;
				SWIFT_OPTIMIZATION_LEVEL = "-O";
				VALIDATE_PRODUCT = YES;
			};
			name = Release;
		};
		35ECDEFF2103B1BA00308080 /* Debug */ = {
			isa = XCBuildConfiguration;
			buildSettings = {
				ASSETCATALOG_COMPILER_APPICON_NAME = AppIcon;
				CODE_SIGN_STYLE = Automatic;
				DEVELOPMENT_TEAM = H92U9KV5T2;
				INFOPLIST_FILE = Number/Info.plist;
				IPHONEOS_DEPLOYMENT_TARGET = 11.0;
				LD_RUNPATH_SEARCH_PATHS = (
					"$(inherited)",
					"@executable_path/Frameworks",
				);
				PRODUCT_BUNDLE_IDENTIFIER = com.hyeri.Number;
				PRODUCT_NAME = "$(TARGET_NAME)";
				SWIFT_VERSION = 4.0;
				TARGETED_DEVICE_FAMILY = "1,2";
			};
			name = Debug;
		};
		35ECDF002103B1BA00308080 /* Release */ = {
			isa = XCBuildConfiguration;
			buildSettings = {
				ASSETCATALOG_COMPILER_APPICON_NAME = AppIcon;
				CODE_SIGN_STYLE = Automatic;
				DEVELOPMENT_TEAM = H92U9KV5T2;
				INFOPLIST_FILE = Number/Info.plist;
				IPHONEOS_DEPLOYMENT_TARGET = 11.0;
				LD_RUNPATH_SEARCH_PATHS = (
					"$(inherited)",
					"@executable_path/Frameworks",
				);
				PRODUCT_BUNDLE_IDENTIFIER = com.hyeri.Number;
				PRODUCT_NAME = "$(TARGET_NAME)";
				SWIFT_VERSION = 4.0;
				TARGETED_DEVICE_FAMILY = "1,2";
			};
			name = Release;
		};
/* End XCBuildConfiguration section */

/* Begin XCConfigurationList section */
		35ECDEE72103B1B600308080 /* Build configuration list for PBXProject "Number" */ = {
			isa = XCConfigurationList;
			buildConfigurations = (
				35ECDEFC2103B1BA00308080 /* Debug */,
				35ECDEFD2103B1BA00308080 /* Release */,
			);
			defaultConfigurationIsVisible = 0;
			defaultConfigurationName = Release;
		};
		35ECDEFE2103B1BA00308080 /* Build configuration list for PBXNativeTarget "Number" */ = {
			isa = XCConfigurationList;
			buildConfigurations = (
				35ECDEFF2103B1BA00308080 /* Debug */,
				35ECDF002103B1BA00308080 /* Release */,
			);
			defaultConfigurationIsVisible = 0;
			defaultConfigurationName = Release;
		};
/* End XCConfigurationList section */
	};
	rootObject = 35ECDEE42103B1B600308080 /* Project object */;
}
